
Microsoft Visual Studio Solution File, Format Version 12.00
# Visual Studio 14
VisualStudioVersion = 14.0.25420.1
MinimumVisualStudioVersion = 10.0.40219.1
Project("{FAE04EC0-301F-11D3-BF4B-00C04F79EFBC}") = "SensorGraph", "SensorGraph\SensorGraph.csproj", "{AE0A03E9-7903-4707-A75E-60ABC2FDEB3E}"
EndProject
Global
	GlobalSection(SolutionConfigurationPlatforms) = preSolution
		Debug|Any CPU = Debug|Any CPU
		Release|Any CPU = Release|Any CPU
	EndGlobalSection
	GlobalSection(ProjectConfigurationPlatforms) = postSolution
		{AE0A03E9-7903-4707-A75E-60ABC2FDEB3E}.Debug|Any CPU.ActiveCfg = Debug|Any CPU
		{AE0A03E9-7903-4707-A75E-60ABC2FDEB3E}.Debug|Any CPU.Build.0 = Debug|Any CPU
		{AE0A03E9-7903-4707-A75E-60ABC2FDEB3E}.Release|Any CPU.ActiveCfg = Release|Any CPU
		{AE0A03E9-7903-4707-A75E-60ABC2FDEB3E}.Release|Any CPU.Build.0 = Release|Any CPU
	EndGlobalSection
	GlobalSection(SolutionProperties) = preSolution
		HideSolutionNode = FALSE
	EndGlobalSection
	GlobalSection(ExtensibilityGlobals) = postSolution
		SolutionGuid = {D4B776DD-52F2-40D8-B2BF-112D5ED37A4C}
	EndGlobalSection
EndGlobal
